{
  "name": "base-react",
  "version": "0.1.0",
  "lockfileVersion": 1,
  "requires": true,
  "dependencies": {
    "@team-griffin/css-sides": {
      "version": "1.1.1",
      "resolved": "https://registry.npmjs.org/@team-griffin/css-sides/-/css-sides-1.1.1.tgz",
      "integrity": "sha512-0SCrA1Hxm5NQ8YzxG98PajYNQe4LoqcVA5LVi+jn2Ptzlh9yYBZ6BQVNzYflNkxy2ZJW07d+D/rJ5QkTuGus4A==",
      "requires": {
        "@team-griffin/css-sides": "1.1.1",
        "lodash.reduce": "4.6.0"
      }
    },
    "lodash.reduce": {
      "version": "4.6.0",
      "resolved": "https://registry.npmjs.org/lodash.reduce/-/lodash.reduce-4.6.0.tgz",
      "integrity": "sha1-8atrg5KZrUj3hKu/R2WW8DuRTTs="
    }
  }
}
